// !$*UTF8*$!
{
	archiveVersion = 1;
	classes = {
	};
	objectVersion = 52;
	objects = {

/* Begin PBXBuildFile section */
		F3C45D2F26D1357E00BE8D67 /* AppDelegate.swift in Sources */ = {isa = PBXBuildFile; fileRef = F3C45D2E26D1357E00BE8D67 /* AppDelegate.swift */; };
		F3C45D3126D1357E00BE8D67 /* SceneDelegate.swift in Sources */ = {isa = PBXBuildFile; fileRef = F3C45D3026D1357E00BE8D67 /* SceneDelegate.swift */; };
		F3C45D3326D1357E00BE8D67 /* ViewController.swift in Sources */ = {isa = PBXBuildFile; fileRef = F3C45D3226D1357E00BE8D67 /* ViewController.swift */; };
		F3C45D3626D1357E00BE8D67 /* Main.storyboard in Resources */ = {isa = PBXBuildFile; fileRef = F3C45D3426D1357E00BE8D67 /* Main.storyboard */; };
		F3C45D3826D1358400BE8D67 /* Assets.xcassets in Resources */ = {isa = PBXBuildFile; fileRef = F3C45D3726D1358400BE8D67 /* Assets.xcassets */; };
		F3C45D3B26D1358400BE8D67 /* LaunchScreen.storyboard in Resources */ = {isa = PBXBuildFile; fileRef = F3C45D3926D1358400BE8D67 /* LaunchScreen.storyboard */; };
		F3C45D4626D1358400BE8D67 /* ChatComponentTests.swift in Sources */ = {isa = PBXBuildFile; fileRef = F3C45D4526D1358400BE8D67 /* ChatComponentTests.swift */; };
		F3C45D5126D1358400BE8D67 /* ChatComponentUITests.swift in Sources */ = {isa = PBXBuildFile; fileRef = F3C45D5026D1358400BE8D67 /* ChatComponentUITests.swift */; };
		F3C45D6626D1383800BE8D67 /* RxSwift in Frameworks */ = {isa = PBXBuildFile; productRef = F3C45D6526D1383800BE8D67 /* RxSwift */; };
		F3C45D6826D1383800BE8D67 /* RxTest in Frameworks */ = {isa = PBXBuildFile; productRef = F3C45D6726D1383800BE8D67 /* RxTest */; };
		F3C45D6A26D1383800BE8D67 /* RxRelay in Frameworks */ = {isa = PBXBuildFile; productRef = F3C45D6926D1383800BE8D67 /* RxRelay */; };
		F3C45D6C26D1383800BE8D67 /* RxCocoa in Frameworks */ = {isa = PBXBuildFile; productRef = F3C45D6B26D1383800BE8D67 /* RxCocoa */; };
		F3C45D6E26D1383800BE8D67 /* RxBlocking in Frameworks */ = {isa = PBXBuildFile; productRef = F3C45D6D26D1383800BE8D67 /* RxBlocking */; };
		F3C45D7626D13A4000BE8D67 /* MessagesViewController.swift in Sources */ = {isa = PBXBuildFile; fileRef = F3C45D7526D13A4000BE8D67 /* MessagesViewController.swift */; };
		F3C45D7926D13B7500BE8D67 /* UIView+Extensions.swift in Sources */ = {isa = PBXBuildFile; fileRef = F3C45D7826D13B7500BE8D67 /* UIView+Extensions.swift */; };
		F3C45D7C26D13C1C00BE8D67 /* SnapKit in Frameworks */ = {isa = PBXBuildFile; productRef = F3C45D7B26D13C1C00BE8D67 /* SnapKit */; };
		F3C45D7E26D1402000BE8D67 /* IncomingMessageCollectionViewCell.swift in Sources */ = {isa = PBXBuildFile; fileRef = F3C45D7D26D1402000BE8D67 /* IncomingMessageCollectionViewCell.swift */; };
		F3C45D8226D140D900BE8D67 /* OutgoingMessageCollectionViewCell.swift in Sources */ = {isa = PBXBuildFile; fileRef = F3C45D8126D140D900BE8D67 /* OutgoingMessageCollectionViewCell.swift */; };
		F3C45D8726D1470900BE8D67 /* IncomingTextMessageView.swift in Sources */ = {isa = PBXBuildFile; fileRef = F3C45D8626D1470900BE8D67 /* IncomingTextMessageView.swift */; };
		F3C45D8926D1472C00BE8D67 /* OutgoingTextMessageView.swift in Sources */ = {isa = PBXBuildFile; fileRef = F3C45D8826D1472C00BE8D67 /* OutgoingTextMessageView.swift */; };
		F3C45D8C26D1487B00BE8D67 /* BaseMessageView.swift in Sources */ = {isa = PBXBuildFile; fileRef = F3C45D8B26D1487B00BE8D67 /* BaseMessageView.swift */; };
		F3C45D9126D14A9100BE8D67 /* BaseTextMessageView.swift in Sources */ = {isa = PBXBuildFile; fileRef = F3C45D9026D14A9100BE8D67 /* BaseTextMessageView.swift */; };
		F3C45D9426D1717F00BE8D67 /* Reusable.swift in Sources */ = {isa = PBXBuildFile; fileRef = F3C45D9326D1717F00BE8D67 /* Reusable.swift */; };
		F3C45D9626D189A400BE8D67 /* Array+Extensions.swift in Sources */ = {isa = PBXBuildFile; fileRef = F3C45D9526D189A400BE8D67 /* Array+Extensions.swift */; };
		F3C45D9A26D1A50500BE8D67 /* MessagesSectionProtocol.swift in Sources */ = {isa = PBXBuildFile; fileRef = F3C45D9926D1A50500BE8D67 /* MessagesSectionProtocol.swift */; };
		F3C45D9C26D1A53400BE8D67 /* MessagesItemProtocol.swift in Sources */ = {isa = PBXBuildFile; fileRef = F3C45D9B26D1A53400BE8D67 /* MessagesItemProtocol.swift */; };
		F3C45D9E26D1A81300BE8D67 /* MessagesViewModel.swift in Sources */ = {isa = PBXBuildFile; fileRef = F3C45D9D26D1A81300BE8D67 /* MessagesViewModel.swift */; };
		F3C45DA126D1A8FD00BE8D67 /* MessagesViewModelBindings.swift in Sources */ = {isa = PBXBuildFile; fileRef = F3C45DA026D1A8FD00BE8D67 /* MessagesViewModelBindings.swift */; };
		F3C45DA326D1ACAF00BE8D67 /* Rx+DiffableDataSources.swift in Sources */ = {isa = PBXBuildFile; fileRef = F3C45DA226D1ACAF00BE8D67 /* Rx+DiffableDataSources.swift */; };
/* End PBXBuildFile section */

/* Begin PBXContainerItemProxy section */
		F3C45D4226D1358400BE8D67 /* PBXContainerItemProxy */ = {
			isa = PBXContainerItemProxy;
			containerPortal = F3C45D2326D1357E00BE8D67 /* Project object */;
			proxyType = 1;
			remoteGlobalIDString = F3C45D2A26D1357E00BE8D67;
			remoteInfo = ChatComponent;
		};
		F3C45D4D26D1358400BE8D67 /* PBXContainerItemProxy */ = {
			isa = PBXContainerItemProxy;
			containerPortal = F3C45D2326D1357E00BE8D67 /* Project object */;
			proxyType = 1;
			remoteGlobalIDString = F3C45D2A26D1357E00BE8D67;
			remoteInfo = ChatComponent;
		};
/* End PBXContainerItemProxy section */

/* Begin PBXFileReference section */
		F3C45D2B26D1357E00BE8D67 /* ChatComponent.app */ = {isa = PBXFileReference; explicitFileType = wrapper.application; includeInIndex = 0; path = ChatComponent.app; sourceTree = BUILT_PRODUCTS_DIR; };
		F3C45D2E26D1357E00BE8D67 /* AppDelegate.swift */ = {isa = PBXFileReference; lastKnownFileType = sourcecode.swift; path = AppDelegate.swift; sourceTree = "<group>"; };
		F3C45D3026D1357E00BE8D67 /* SceneDelegate.swift */ = {isa = PBXFileReference; lastKnownFileType = sourcecode.swift; path = SceneDelegate.swift; sourceTree = "<group>"; };
		F3C45D3226D1357E00BE8D67 /* ViewController.swift */ = {isa = PBXFileReference; lastKnownFileType = sourcecode.swift; path = ViewController.swift; sourceTree = "<group>"; };
		F3C45D3526D1357E00BE8D67 /* Base */ = {isa = PBXFileReference; lastKnownFileType = file.storyboard; name = Base; path = Base.lproj/Main.storyboard; sourceTree = "<group>"; };
		F3C45D3726D1358400BE8D67 /* Assets.xcassets */ = {isa = PBXFileReference; lastKnownFileType = folder.assetcatalog; path = Assets.xcassets; sourceTree = "<group>"; };
		F3C45D3A26D1358400BE8D67 /* Base */ = {isa = PBXFileReference; lastKnownFileType = file.storyboard; name = Base; path = Base.lproj/LaunchScreen.storyboard; sourceTree = "<group>"; };
		F3C45D3C26D1358400BE8D67 /* Info.plist */ = {isa = PBXFileReference; lastKnownFileType = text.plist.xml; path = Info.plist; sourceTree = "<group>"; };
		F3C45D4126D1358400BE8D67 /* ChatComponentTests.xctest */ = {isa = PBXFileReference; explicitFileType = wrapper.cfbundle; includeInIndex = 0; path = ChatComponentTests.xctest; sourceTree = BUILT_PRODUCTS_DIR; };
		F3C45D4526D1358400BE8D67 /* ChatComponentTests.swift */ = {isa = PBXFileReference; lastKnownFileType = sourcecode.swift; path = ChatComponentTests.swift; sourceTree = "<group>"; };
		F3C45D4726D1358400BE8D67 /* Info.plist */ = {isa = PBXFileReference; lastKnownFileType = text.plist.xml; path = Info.plist; sourceTree = "<group>"; };
		F3C45D4C26D1358400BE8D67 /* ChatComponentUITests.xctest */ = {isa = PBXFileReference; explicitFileType = wrapper.cfbundle; includeInIndex = 0; path = ChatComponentUITests.xctest; sourceTree = BUILT_PRODUCTS_DIR; };
		F3C45D5026D1358400BE8D67 /* ChatComponentUITests.swift */ = {isa = PBXFileReference; lastKnownFileType = sourcecode.swift; path = ChatComponentUITests.swift; sourceTree = "<group>"; };
		F3C45D5226D1358400BE8D67 /* Info.plist */ = {isa = PBXFileReference; lastKnownFileType = text.plist.xml; path = Info.plist; sourceTree = "<group>"; };
		F3C45D7526D13A4000BE8D67 /* MessagesViewController.swift */ = {isa = PBXFileReference; lastKnownFileType = sourcecode.swift; path = MessagesViewController.swift; sourceTree = "<group>"; };
		F3C45D7826D13B7500BE8D67 /* UIView+Extensions.swift */ = {isa = PBXFileReference; lastKnownFileType = sourcecode.swift; path = "UIView+Extensions.swift"; sourceTree = "<group>"; };
		F3C45D7D26D1402000BE8D67 /* IncomingMessageCollectionViewCell.swift */ = {isa = PBXFileReference; lastKnownFileType = sourcecode.swift; path = IncomingMessageCollectionViewCell.swift; sourceTree = "<group>"; };
		F3C45D8126D140D900BE8D67 /* OutgoingMessageCollectionViewCell.swift */ = {isa = PBXFileReference; lastKnownFileType = sourcecode.swift; path = OutgoingMessageCollectionViewCell.swift; sourceTree = "<group>"; };
		F3C45D8626D1470900BE8D67 /* IncomingTextMessageView.swift */ = {isa = PBXFileReference; lastKnownFileType = sourcecode.swift; path = IncomingTextMessageView.swift; sourceTree = "<group>"; };
		F3C45D8826D1472C00BE8D67 /* OutgoingTextMessageView.swift */ = {isa = PBXFileReference; lastKnownFileType = sourcecode.swift; path = OutgoingTextMessageView.swift; sourceTree = "<group>"; };
		F3C45D8B26D1487B00BE8D67 /* BaseMessageView.swift */ = {isa = PBXFileReference; lastKnownFileType = sourcecode.swift; path = BaseMessageView.swift; sourceTree = "<group>"; };
		F3C45D9026D14A9100BE8D67 /* BaseTextMessageView.swift */ = {isa = PBXFileReference; lastKnownFileType = sourcecode.swift; path = BaseTextMessageView.swift; sourceTree = "<group>"; };
		F3C45D9326D1717F00BE8D67 /* Reusable.swift */ = {isa = PBXFileReference; lastKnownFileType = sourcecode.swift; path = Reusable.swift; sourceTree = "<group>"; };
		F3C45D9526D189A400BE8D67 /* Array+Extensions.swift */ = {isa = PBXFileReference; lastKnownFileType = sourcecode.swift; path = "Array+Extensions.swift"; sourceTree = "<group>"; };
		F3C45D9926D1A50500BE8D67 /* MessagesSectionProtocol.swift */ = {isa = PBXFileReference; lastKnownFileType = sourcecode.swift; path = MessagesSectionProtocol.swift; sourceTree = "<group>"; };
		F3C45D9B26D1A53400BE8D67 /* MessagesItemProtocol.swift */ = {isa = PBXFileReference; lastKnownFileType = sourcecode.swift; path = MessagesItemProtocol.swift; sourceTree = "<group>"; };
		F3C45D9D26D1A81300BE8D67 /* MessagesViewModel.swift */ = {isa = PBXFileReference; lastKnownFileType = sourcecode.swift; path = MessagesViewModel.swift; sourceTree = "<group>"; };
		F3C45DA026D1A8FD00BE8D67 /* MessagesViewModelBindings.swift */ = {isa = PBXFileReference; lastKnownFileType = sourcecode.swift; path = MessagesViewModelBindings.swift; sourceTree = "<group>"; };
		F3C45DA226D1ACAF00BE8D67 /* Rx+DiffableDataSources.swift */ = {isa = PBXFileReference; lastKnownFileType = sourcecode.swift; path = "Rx+DiffableDataSources.swift"; sourceTree = "<group>"; };
/* End PBXFileReference section */

/* Begin PBXFrameworksBuildPhase section */
		F3C45D2826D1357E00BE8D67 /* Frameworks */ = {
			isa = PBXFrameworksBuildPhase;
			buildActionMask = 2147483647;
			files = (
				F3C45D6C26D1383800BE8D67 /* RxCocoa in Frameworks */,
				F3C45D7C26D13C1C00BE8D67 /* SnapKit in Frameworks */,
				F3C45D6A26D1383800BE8D67 /* RxRelay in Frameworks */,
				F3C45D6626D1383800BE8D67 /* RxSwift in Frameworks */,
			);
			runOnlyForDeploymentPostprocessing = 0;
		};
		F3C45D3E26D1358400BE8D67 /* Frameworks */ = {
			isa = PBXFrameworksBuildPhase;
			buildActionMask = 2147483647;
			files = (
				F3C45D6826D1383800BE8D67 /* RxTest in Frameworks */,
				F3C45D6E26D1383800BE8D67 /* RxBlocking in Frameworks */,
			);
			runOnlyForDeploymentPostprocessing = 0;
		};
		F3C45D4926D1358400BE8D67 /* Frameworks */ = {
			isa = PBXFrameworksBuildPhase;
			buildActionMask = 2147483647;
			files = (
			);
			runOnlyForDeploymentPostprocessing = 0;
		};
/* End PBXFrameworksBuildPhase section */

/* Begin PBXGroup section */
		F3C45D2226D1357E00BE8D67 = {
			isa = PBXGroup;
			children = (
				F3C45D2D26D1357E00BE8D67 /* ChatComponent */,
				F3C45D4426D1358400BE8D67 /* ChatComponentTests */,
				F3C45D4F26D1358400BE8D67 /* ChatComponentUITests */,
				F3C45D2C26D1357E00BE8D67 /* Products */,
			);
			sourceTree = "<group>";
		};
		F3C45D2C26D1357E00BE8D67 /* Products */ = {
			isa = PBXGroup;
			children = (
				F3C45D2B26D1357E00BE8D67 /* ChatComponent.app */,
				F3C45D4126D1358400BE8D67 /* ChatComponentTests.xctest */,
				F3C45D4C26D1358400BE8D67 /* ChatComponentUITests.xctest */,
			);
			name = Products;
			sourceTree = "<group>";
		};
		F3C45D2D26D1357E00BE8D67 /* ChatComponent */ = {
			isa = PBXGroup;
			children = (
				F3C45D3C26D1358400BE8D67 /* Info.plist */,
				F3C45D5E26D135B500BE8D67 /* App */,
				F3C45D7726D13B5800BE8D67 /* Extensions */,
				F3C45D6026D135DE00BE8D67 /* Main */,
				F3C45D6126D135E800BE8D67 /* Modules */,
				F3C45D9226D1716D00BE8D67 /* Protocols */,
				F3C45D5F26D135CE00BE8D67 /* Sources */,
			);
			path = ChatComponent;
			sourceTree = "<group>";
		};
		F3C45D4426D1358400BE8D67 /* ChatComponentTests */ = {
			isa = PBXGroup;
			children = (
				F3C45D4526D1358400BE8D67 /* ChatComponentTests.swift */,
				F3C45D4726D1358400BE8D67 /* Info.plist */,
			);
			path = ChatComponentTests;
			sourceTree = "<group>";
		};
		F3C45D4F26D1358400BE8D67 /* ChatComponentUITests */ = {
			isa = PBXGroup;
			children = (
				F3C45D5026D1358400BE8D67 /* ChatComponentUITests.swift */,
				F3C45D5226D1358400BE8D67 /* Info.plist */,
			);
			path = ChatComponentUITests;
			sourceTree = "<group>";
		};
		F3C45D5E26D135B500BE8D67 /* App */ = {
			isa = PBXGroup;
			children = (
				F3C45D2E26D1357E00BE8D67 /* AppDelegate.swift */,
				F3C45D3026D1357E00BE8D67 /* SceneDelegate.swift */,
			);
			path = App;
			sourceTree = "<group>";
		};
		F3C45D5F26D135CE00BE8D67 /* Sources */ = {
			isa = PBXGroup;
			children = (
				F3C45D3726D1358400BE8D67 /* Assets.xcassets */,
			);
			path = Sources;
			sourceTree = "<group>";
		};
		F3C45D6026D135DE00BE8D67 /* Main */ = {
			isa = PBXGroup;
			children = (
				F3C45D3226D1357E00BE8D67 /* ViewController.swift */,
				F3C45D3426D1357E00BE8D67 /* Main.storyboard */,
				F3C45D3926D1358400BE8D67 /* LaunchScreen.storyboard */,
			);
			path = Main;
			sourceTree = "<group>";
		};
		F3C45D6126D135E800BE8D67 /* Modules */ = {
			isa = PBXGroup;
			children = (
				F3C45D6226D135EF00BE8D67 /* Chat */,
				F3C45D6326D135F400BE8D67 /* ChatList */,
			);
			path = Modules;
			sourceTree = "<group>";
		};
		F3C45D6226D135EF00BE8D67 /* Chat */ = {
			isa = PBXGroup;
			children = (
				F3C45D7426D139D400BE8D67 /* Cells */,
				F3C45D7326D139CB00BE8D67 /* Models */,
				F3C45D7226D139A500BE8D67 /* ViewModel */,
				F3C45D7126D1399F00BE8D67 /* Controller */,
				F3C45D6F26D1394500BE8D67 /* Views */,
			);
			path = Chat;
			sourceTree = "<group>";
		};
		F3C45D6326D135F400BE8D67 /* ChatList */ = {
			isa = PBXGroup;
			children = (
			);
			path = ChatList;
			sourceTree = "<group>";
		};
		F3C45D6F26D1394500BE8D67 /* Views */ = {
			isa = PBXGroup;
			children = (
				F3C45D8F26D14A4D00BE8D67 /* BaseTextMessage */,
				F3C45D8A26D1486100BE8D67 /* BaseMessage */,
				F3C45D8526D143A500BE8D67 /* IncomingMessages */,
				F3C45D8326D1430B00BE8D67 /* OutgoingMessages */,
			);
			path = Views;
			sourceTree = "<group>";
		};
		F3C45D7126D1399F00BE8D67 /* Controller */ = {
			isa = PBXGroup;
			children = (
				F3C45D7526D13A4000BE8D67 /* MessagesViewController.swift */,
			);
			path = Controller;
			sourceTree = "<group>";
		};
		F3C45D7226D139A500BE8D67 /* ViewModel */ = {
			isa = PBXGroup;
			children = (
				F3C45D9D26D1A81300BE8D67 /* MessagesViewModel.swift */,
			);
			path = ViewModel;
			sourceTree = "<group>";
		};
		F3C45D7326D139CB00BE8D67 /* Models */ = {
			isa = PBXGroup;
			children = (
				F3C45D9F26D1A8F300BE8D67 /* Bindings */,
				F3C45D9826D1A4C600BE8D67 /* Item */,
				F3C45D9726D1A4C200BE8D67 /* Section */,
			);
			path = Models;
			sourceTree = "<group>";
		};
		F3C45D7426D139D400BE8D67 /* Cells */ = {
			isa = PBXGroup;
			children = (
				F3C45D7F26D1405800BE8D67 /* IncomingMessage */,
				F3C45D8026D1407C00BE8D67 /* OutgoingMessage */,
			);
			path = Cells;
			sourceTree = "<group>";
		};
		F3C45D7726D13B5800BE8D67 /* Extensions */ = {
			isa = PBXGroup;
			children = (
				F3C45D7826D13B7500BE8D67 /* UIView+Extensions.swift */,
				F3C45D9526D189A400BE8D67 /* Array+Extensions.swift */,
				F3C45DA226D1ACAF00BE8D67 /* Rx+DiffableDataSources.swift */,
			);
			path = Extensions;
			sourceTree = "<group>";
		};
		F3C45D7F26D1405800BE8D67 /* IncomingMessage */ = {
			isa = PBXGroup;
			children = (
				F3C45D7D26D1402000BE8D67 /* IncomingMessageCollectionViewCell.swift */,
			);
			path = IncomingMessage;
			sourceTree = "<group>";
		};
		F3C45D8026D1407C00BE8D67 /* OutgoingMessage */ = {
			isa = PBXGroup;
			children = (
				F3C45D8126D140D900BE8D67 /* OutgoingMessageCollectionViewCell.swift */,
			);
			path = OutgoingMessage;
			sourceTree = "<group>";
		};
		F3C45D8326D1430B00BE8D67 /* OutgoingMessages */ = {
			isa = PBXGroup;
			children = (
				F3C45D8E26D14A3800BE8D67 /* Text */,
			);
			path = OutgoingMessages;
			sourceTree = "<group>";
		};
		F3C45D8526D143A500BE8D67 /* IncomingMessages */ = {
			isa = PBXGroup;
			children = (
				F3C45D8D26D14A3200BE8D67 /* Text */,
			);
			path = IncomingMessages;
			sourceTree = "<group>";
		};
		F3C45D8A26D1486100BE8D67 /* BaseMessage */ = {
			isa = PBXGroup;
			children = (
				F3C45D8B26D1487B00BE8D67 /* BaseMessageView.swift */,
			);
			path = BaseMessage;
			sourceTree = "<group>";
		};
		F3C45D8D26D14A3200BE8D67 /* Text */ = {
			isa = PBXGroup;
			children = (
				F3C45D8626D1470900BE8D67 /* IncomingTextMessageView.swift */,
			);
			path = Text;
			sourceTree = "<group>";
		};
		F3C45D8E26D14A3800BE8D67 /* Text */ = {
			isa = PBXGroup;
			children = (
				F3C45D8826D1472C00BE8D67 /* OutgoingTextMessageView.swift */,
			);
			path = Text;
			sourceTree = "<group>";
		};
		F3C45D8F26D14A4D00BE8D67 /* BaseTextMessage */ = {
			isa = PBXGroup;
			children = (
				F3C45D9026D14A9100BE8D67 /* BaseTextMessageView.swift */,
			);
			path = BaseTextMessage;
			sourceTree = "<group>";
		};
		F3C45D9226D1716D00BE8D67 /* Protocols */ = {
			isa = PBXGroup;
			children = (
				F3C45D9326D1717F00BE8D67 /* Reusable.swift */,
			);
			path = Protocols;
			sourceTree = "<group>";
		};
		F3C45D9726D1A4C200BE8D67 /* Section */ = {
			isa = PBXGroup;
			children = (
				F3C45D9926D1A50500BE8D67 /* MessagesSectionProtocol.swift */,
			);
			path = Section;
			sourceTree = "<group>";
		};
		F3C45D9826D1A4C600BE8D67 /* Item */ = {
			isa = PBXGroup;
			children = (
				F3C45D9B26D1A53400BE8D67 /* MessagesItemProtocol.swift */,
			);
			path = Item;
			sourceTree = "<group>";
		};
		F3C45D9F26D1A8F300BE8D67 /* Bindings */ = {
			isa = PBXGroup;
			children = (
				F3C45DA026D1A8FD00BE8D67 /* MessagesViewModelBindings.swift */,
			);
			path = Bindings;
			sourceTree = "<group>";
		};
/* End PBXGroup section */

/* Begin PBXNativeTarget section */
		F3C45D2A26D1357E00BE8D67 /* ChatComponent */ = {
			isa = PBXNativeTarget;
			buildConfigurationList = F3C45D5526D1358400BE8D67 /* Build configuration list for PBXNativeTarget "ChatComponent" */;
			buildPhases = (
				F3C45D2726D1357E00BE8D67 /* Sources */,
				F3C45D2826D1357E00BE8D67 /* Frameworks */,
				F3C45D2926D1357E00BE8D67 /* Resources */,
			);
			buildRules = (
			);
			dependencies = (
			);
			name = ChatComponent;
			packageProductDependencies = (
				F3C45D6526D1383800BE8D67 /* RxSwift */,
				F3C45D6926D1383800BE8D67 /* RxRelay */,
				F3C45D6B26D1383800BE8D67 /* RxCocoa */,
				F3C45D7B26D13C1C00BE8D67 /* SnapKit */,
			);
			productName = ChatComponent;
			productReference = F3C45D2B26D1357E00BE8D67 /* ChatComponent.app */;
			productType = "com.apple.product-type.application";
		};
		F3C45D4026D1358400BE8D67 /* ChatComponentTests */ = {
			isa = PBXNativeTarget;
			buildConfigurationList = F3C45D5826D1358400BE8D67 /* Build configuration list for PBXNativeTarget "ChatComponentTests" */;
			buildPhases = (
				F3C45D3D26D1358400BE8D67 /* Sources */,
				F3C45D3E26D1358400BE8D67 /* Frameworks */,
				F3C45D3F26D1358400BE8D67 /* Resources */,
			);
			buildRules = (
			);
			dependencies = (
				F3C45D4326D1358400BE8D67 /* PBXTargetDependency */,
			);
			name = ChatComponentTests;
			packageProductDependencies = (
				F3C45D6726D1383800BE8D67 /* RxTest */,
				F3C45D6D26D1383800BE8D67 /* RxBlocking */,
			);
			productName = ChatComponentTests;
			productReference = F3C45D4126D1358400BE8D67 /* ChatComponentTests.xctest */;
			productType = "com.apple.product-type.bundle.unit-test";
		};
		F3C45D4B26D1358400BE8D67 /* ChatComponentUITests */ = {
			isa = PBXNativeTarget;
			buildConfigurationList = F3C45D5B26D1358400BE8D67 /* Build configuration list for PBXNativeTarget "ChatComponentUITests" */;
			buildPhases = (
				F3C45D4826D1358400BE8D67 /* Sources */,
				F3C45D4926D1358400BE8D67 /* Frameworks */,
				F3C45D4A26D1358400BE8D67 /* Resources */,
			);
			buildRules = (
			);
			dependencies = (
				F3C45D4E26D1358400BE8D67 /* PBXTargetDependency */,
			);
			name = ChatComponentUITests;
			productName = ChatComponentUITests;
			productReference = F3C45D4C26D1358400BE8D67 /* ChatComponentUITests.xctest */;
			productType = "com.apple.product-type.bundle.ui-testing";
		};
/* End PBXNativeTarget section */

/* Begin PBXProject section */
		F3C45D2326D1357E00BE8D67 /* Project object */ = {
			isa = PBXProject;
			attributes = {
				LastSwiftUpdateCheck = 1250;
				LastUpgradeCheck = 1250;
				TargetAttributes = {
					F3C45D2A26D1357E00BE8D67 = {
						CreatedOnToolsVersion = 12.5.1;
					};
					F3C45D4026D1358400BE8D67 = {
						CreatedOnToolsVersion = 12.5.1;
						TestTargetID = F3C45D2A26D1357E00BE8D67;
					};
					F3C45D4B26D1358400BE8D67 = {
						CreatedOnToolsVersion = 12.5.1;
						TestTargetID = F3C45D2A26D1357E00BE8D67;
					};
				};
			};
			buildConfigurationList = F3C45D2626D1357E00BE8D67 /* Build configuration list for PBXProject "ChatComponent" */;
			compatibilityVersion = "Xcode 9.3";
			developmentRegion = en;
			hasScannedForEncodings = 0;
			knownRegions = (
				en,
				Base,
			);
			mainGroup = F3C45D2226D1357E00BE8D67;
			packageReferences = (
				F3C45D6426D1383800BE8D67 /* XCRemoteSwiftPackageReference "RxSwift" */,
				F3C45D7A26D13C1C00BE8D67 /* XCRemoteSwiftPackageReference "SnapKit" */,
			);
			productRefGroup = F3C45D2C26D1357E00BE8D67 /* Products */;
			projectDirPath = "";
			projectRoot = "";
			targets = (
				F3C45D2A26D1357E00BE8D67 /* ChatComponent */,
				F3C45D4026D1358400BE8D67 /* ChatComponentTests */,
				F3C45D4B26D1358400BE8D67 /* ChatComponentUITests */,
			);
		};
/* End PBXProject section */

/* Begin PBXResourcesBuildPhase section */
		F3C45D2926D1357E00BE8D67 /* Resources */ = {
			isa = PBXResourcesBuildPhase;
			buildActionMask = 2147483647;
			files = (
				F3C45D3B26D1358400BE8D67 /* LaunchScreen.storyboard in Resources */,
				F3C45D3826D1358400BE8D67 /* Assets.xcassets in Resources */,
				F3C45D3626D1357E00BE8D67 /* Main.storyboard in Resources */,
			);
			runOnlyForDeploymentPostprocessing = 0;
		};
		F3C45D3F26D1358400BE8D67 /* Resources */ = {
			isa = PBXResourcesBuildPhase;
			buildActionMask = 2147483647;
			files = (
			);
			runOnlyForDeploymentPostprocessing = 0;
		};
		F3C45D4A26D1358400BE8D67 /* Resources */ = {
			isa = PBXResourcesBuildPhase;
			buildActionMask = 2147483647;
			files = (
			);
			runOnlyForDeploymentPostprocessing = 0;
		};
/* End PBXResourcesBuildPhase section */

/* Begin PBXSourcesBuildPhase section */
		F3C45D2726D1357E00BE8D67 /* Sources */ = {
			isa = PBXSourcesBuildPhase;
			buildActionMask = 2147483647;
			files = (
				F3C45D9426D1717F00BE8D67 /* Reusable.swift in Sources */,
				F3C45D7E26D1402000BE8D67 /* IncomingMessageCollectionViewCell.swift in Sources */,
				F3C45D8726D1470900BE8D67 /* IncomingTextMessageView.swift in Sources */,
				F3C45D8926D1472C00BE8D67 /* OutgoingTextMessageView.swift in Sources */,
				F3C45D9C26D1A53400BE8D67 /* MessagesItemProtocol.swift in Sources */,
				F3C45D3326D1357E00BE8D67 /* ViewController.swift in Sources */,
				F3C45D9E26D1A81300BE8D67 /* MessagesViewModel.swift in Sources */,
				F3C45D2F26D1357E00BE8D67 /* AppDelegate.swift in Sources */,
				F3C45D8226D140D900BE8D67 /* OutgoingMessageCollectionViewCell.swift in Sources */,
				F3C45D7926D13B7500BE8D67 /* UIView+Extensions.swift in Sources */,
				F3C45D7626D13A4000BE8D67 /* MessagesViewController.swift in Sources */,
				F3C45DA326D1ACAF00BE8D67 /* Rx+DiffableDataSources.swift in Sources */,
				F3C45D9626D189A400BE8D67 /* Array+Extensions.swift in Sources */,
				F3C45D3126D1357E00BE8D67 /* SceneDelegate.swift in Sources */,
				F3C45DA126D1A8FD00BE8D67 /* MessagesViewModelBindings.swift in Sources */,
				F3C45D9A26D1A50500BE8D67 /* MessagesSectionProtocol.swift in Sources */,
				F3C45D8C26D1487B00BE8D67 /* BaseMessageView.swift in Sources */,
				F3C45D9126D14A9100BE8D67 /* BaseTextMessageView.swift in Sources */,
			);
			runOnlyForDeploymentPostprocessing = 0;
		};
		F3C45D3D26D1358400BE8D67 /* Sources */ = {
			isa = PBXSourcesBuildPhase;
			buildActionMask = 2147483647;
			files = (
				F3C45D4626D1358400BE8D67 /* ChatComponentTests.swift in Sources */,
			);
			runOnlyForDeploymentPostprocessing = 0;
		};
		F3C45D4826D1358400BE8D67 /* Sources */ = {
			isa = PBXSourcesBuildPhase;
			buildActionMask = 2147483647;
			files = (
				F3C45D5126D1358400BE8D67 /* ChatComponentUITests.swift in Sources */,
			);
			runOnlyForDeploymentPostprocessing = 0;
		};
/* End PBXSourcesBuildPhase section */

/* Begin PBXTargetDependency section */
		F3C45D4326D1358400BE8D67 /* PBXTargetDependency */ = {
			isa = PBXTargetDependency;
			target = F3C45D2A26D1357E00BE8D67 /* ChatComponent */;
			targetProxy = F3C45D4226D1358400BE8D67 /* PBXContainerItemProxy */;
		};
		F3C45D4E26D1358400BE8D67 /* PBXTargetDependency */ = {
			isa = PBXTargetDependency;
			target = F3C45D2A26D1357E00BE8D67 /* ChatComponent */;
			targetProxy = F3C45D4D26D1358400BE8D67 /* PBXContainerItemProxy */;
		};
/* End PBXTargetDependency section */

/* Begin PBXVariantGroup section */
		F3C45D3426D1357E00BE8D67 /* Main.storyboard */ = {
			isa = PBXVariantGroup;
			children = (
				F3C45D3526D1357E00BE8D67 /* Base */,
			);
			name = Main.storyboard;
			sourceTree = "<group>";
		};
		F3C45D3926D1358400BE8D67 /* LaunchScreen.storyboard */ = {
			isa = PBXVariantGroup;
			children = (
				F3C45D3A26D1358400BE8D67 /* Base */,
			);
			name = LaunchScreen.storyboard;
			sourceTree = "<group>";
		};
/* End PBXVariantGroup section */

/* Begin XCBuildConfiguration section */
		F3C45D5326D1358400BE8D67 /* Debug */ = {
			isa = XCBuildConfiguration;
			buildSettings = {
				ALWAYS_SEARCH_USER_PATHS = NO;
				CLANG_ANALYZER_NONNULL = YES;
				CLANG_ANALYZER_NUMBER_OBJECT_CONVERSION = YES_AGGRESSIVE;
				CLANG_CXX_LANGUAGE_STANDARD = "gnu++14";
				CLANG_CXX_LIBRARY = "libc++";
				CLANG_ENABLE_MODULES = YES;
				CLANG_ENABLE_OBJC_ARC = YES;
				CLANG_ENABLE_OBJC_WEAK = YES;
				CLANG_WARN_BLOCK_CAPTURE_AUTORELEASING = YES;
				CLANG_WARN_BOOL_CONVERSION = YES;
				CLANG_WARN_COMMA = YES;
				CLANG_WARN_CONSTANT_CONVERSION = YES;
				CLANG_WARN_DEPRECATED_OBJC_IMPLEMENTATIONS = YES;
				CLANG_WARN_DIRECT_OBJC_ISA_USAGE = YES_ERROR;
				CLANG_WARN_DOCUMENTATION_COMMENTS = YES;
				CLANG_WARN_EMPTY_BODY = YES;
				CLANG_WARN_ENUM_CONVERSION = YES;
				CLANG_WARN_INFINITE_RECURSION = YES;
				CLANG_WARN_INT_CONVERSION = YES;
				CLANG_WARN_NON_LITERAL_NULL_CONVERSION = YES;
				CLANG_WARN_OBJC_IMPLICIT_RETAIN_SELF = YES;
				CLANG_WARN_OBJC_LITERAL_CONVERSION = YES;
				CLANG_WARN_OBJC_ROOT_CLASS = YES_ERROR;
				CLANG_WARN_QUOTED_INCLUDE_IN_FRAMEWORK_HEADER = YES;
				CLANG_WARN_RANGE_LOOP_ANALYSIS = YES;
				CLANG_WARN_STRICT_PROTOTYPES = YES;
				CLANG_WARN_SUSPICIOUS_MOVE = YES;
				CLANG_WARN_UNGUARDED_AVAILABILITY = YES_AGGRESSIVE;
				CLANG_WARN_UNREACHABLE_CODE = YES;
				CLANG_WARN__DUPLICATE_METHOD_MATCH = YES;
				COPY_PHASE_STRIP = NO;
				DEBUG_INFORMATION_FORMAT = dwarf;
				ENABLE_STRICT_OBJC_MSGSEND = YES;
				ENABLE_TESTABILITY = YES;
				GCC_C_LANGUAGE_STANDARD = gnu11;
				GCC_DYNAMIC_NO_PIC = NO;
				GCC_NO_COMMON_BLOCKS = YES;
				GCC_OPTIMIZATION_LEVEL = 0;
				GCC_PREPROCESSOR_DEFINITIONS = (
					"DEBUG=1",
					"$(inherited)",
				);
				GCC_WARN_64_TO_32_BIT_CONVERSION = YES;
				GCC_WARN_ABOUT_RETURN_TYPE = YES_ERROR;
				GCC_WARN_UNDECLARED_SELECTOR = YES;
				GCC_WARN_UNINITIALIZED_AUTOS = YES_AGGRESSIVE;
				GCC_WARN_UNUSED_FUNCTION = YES;
				GCC_WARN_UNUSED_VARIABLE = YES;
				IPHONEOS_DEPLOYMENT_TARGET = 14.5;
				MTL_ENABLE_DEBUG_INFO = INCLUDE_SOURCE;
				MTL_FAST_MATH = YES;
				ONLY_ACTIVE_ARCH = YES;
				SDKROOT = iphoneos;
				SWIFT_ACTIVE_COMPILATION_CONDITIONS = DEBUG;
				SWIFT_OPTIMIZATION_LEVEL = "-Onone";
			};
			name = Debug;
		};
		F3C45D5426D1358400BE8D67 /* Release */ = {
			isa = XCBuildConfiguration;
			buildSettings = {
				ALWAYS_SEARCH_USER_PATHS = NO;
				CLANG_ANALYZER_NONNULL = YES;
				CLANG_ANALYZER_NUMBER_OBJECT_CONVERSION = YES_AGGRESSIVE;
				CLANG_CXX_LANGUAGE_STANDARD = "gnu++14";
				CLANG_CXX_LIBRARY = "libc++";
				CLANG_ENABLE_MODULES = YES;
				CLANG_ENABLE_OBJC_ARC = YES;
				CLANG_ENABLE_OBJC_WEAK = YES;
				CLANG_WARN_BLOCK_CAPTURE_AUTORELEASING = YES;
				CLANG_WARN_BOOL_CONVERSION = YES;
				CLANG_WARN_COMMA = YES;
				CLANG_WARN_CONSTANT_CONVERSION = YES;
				CLANG_WARN_DEPRECATED_OBJC_IMPLEMENTATIONS = YES;
				CLANG_WARN_DIRECT_OBJC_ISA_USAGE = YES_ERROR;
				CLANG_WARN_DOCUMENTATION_COMMENTS = YES;
				CLANG_WARN_EMPTY_BODY = YES;
				CLANG_WARN_ENUM_CONVERSION = YES;
				CLANG_WARN_INFINITE_RECURSION = YES;
				CLANG_WARN_INT_CONVERSION = YES;
				CLANG_WARN_NON_LITERAL_NULL_CONVERSION = YES;
				CLANG_WARN_OBJC_IMPLICIT_RETAIN_SELF = YES;
				CLANG_WARN_OBJC_LITERAL_CONVERSION = YES;
				CLANG_WARN_OBJC_ROOT_CLASS = YES_ERROR;
				CLANG_WARN_QUOTED_INCLUDE_IN_FRAMEWORK_HEADER = YES;
				CLANG_WARN_RANGE_LOOP_ANALYSIS = YES;
				CLANG_WARN_STRICT_PROTOTYPES = YES;
				CLANG_WARN_SUSPICIOUS_MOVE = YES;
				CLANG_WARN_UNGUARDED_AVAILABILITY = YES_AGGRESSIVE;
				CLANG_WARN_UNREACHABLE_CODE = YES;
				CLANG_WARN__DUPLICATE_METHOD_MATCH = YES;
				COPY_PHASE_STRIP = NO;
				DEBUG_INFORMATION_FORMAT = "dwarf-with-dsym";
				ENABLE_NS_ASSERTIONS = NO;
				ENABLE_STRICT_OBJC_MSGSEND = YES;
				GCC_C_LANGUAGE_STANDARD = gnu11;
				GCC_NO_COMMON_BLOCKS = YES;
				GCC_WARN_64_TO_32_BIT_CONVERSION = YES;
				GCC_WARN_ABOUT_RETURN_TYPE = YES_ERROR;
				GCC_WARN_UNDECLARED_SELECTOR = YES;
				GCC_WARN_UNINITIALIZED_AUTOS = YES_AGGRESSIVE;
				GCC_WARN_UNUSED_FUNCTION = YES;
				GCC_WARN_UNUSED_VARIABLE = YES;
				IPHONEOS_DEPLOYMENT_TARGET = 14.5;
				MTL_ENABLE_DEBUG_INFO = NO;
				MTL_FAST_MATH = YES;
				SDKROOT = iphoneos;
				SWIFT_COMPILATION_MODE = wholemodule;
				SWIFT_OPTIMIZATION_LEVEL = "-O";
				VALIDATE_PRODUCT = YES;
			};
			name = Release;
		};
		F3C45D5626D1358400BE8D67 /* Debug */ = {
			isa = XCBuildConfiguration;
			buildSettings = {
				ASSETCATALOG_COMPILER_APPICON_NAME = AppIcon;
				ASSETCATALOG_COMPILER_GLOBAL_ACCENT_COLOR_NAME = AccentColor;
				CODE_SIGN_STYLE = Automatic;
				DEVELOPMENT_TEAM = WT55D455BY;
				INFOPLIST_FILE = ChatComponent/Info.plist;
				IPHONEOS_DEPLOYMENT_TARGET = 13.0;
				LD_RUNPATH_SEARCH_PATHS = (
					"$(inherited)",
					"@executable_path/Frameworks",
				);
				PRODUCT_BUNDLE_IDENTIFIER = com.qq.ChatComponent;
				PRODUCT_NAME = "$(TARGET_NAME)";
				SWIFT_VERSION = 5.0;
				TARGETED_DEVICE_FAMILY = "1,2";
			};
			name = Debug;
		};
		F3C45D5726D1358400BE8D67 /* Release */ = {
			isa = XCBuildConfiguration;
			buildSettings = {
				ASSETCATALOG_COMPILER_APPICON_NAME = AppIcon;
				ASSETCATALOG_COMPILER_GLOBAL_ACCENT_COLOR_NAME = AccentColor;
				CODE_SIGN_STYLE = Automatic;
				DEVELOPMENT_TEAM = WT55D455BY;
				INFOPLIST_FILE = ChatComponent/Info.plist;
				IPHONEOS_DEPLOYMENT_TARGET = 13.0;
				LD_RUNPATH_SEARCH_PATHS = (
					"$(inherited)",
					"@executable_path/Frameworks",
				);
				PRODUCT_BUNDLE_IDENTIFIER = com.qq.ChatComponent;
				PRODUCT_NAME = "$(TARGET_NAME)";
				SWIFT_VERSION = 5.0;
				TARGETED_DEVICE_FAMILY = "1,2";
			};
			name = Release;
		};
		F3C45D5926D1358400BE8D67 /* Debug */ = {
			isa = XCBuildConfiguration;
			buildSettings = {
				ALWAYS_EMBED_SWIFT_STANDARD_LIBRARIES = YES;
				BUNDLE_LOADER = "$(TEST_HOST)";
				CODE_SIGN_STYLE = Automatic;
				DEVELOPMENT_TEAM = WT55D455BY;
				INFOPLIST_FILE = ChatComponentTests/Info.plist;
				IPHONEOS_DEPLOYMENT_TARGET = 14.5;
				LD_RUNPATH_SEARCH_PATHS = (
					"$(inherited)",
					"@executable_path/Frameworks",
					"@loader_path/Frameworks",
				);
				PRODUCT_BUNDLE_IDENTIFIER = com.qq.ChatComponentTests;
				PRODUCT_NAME = "$(TARGET_NAME)";
				SWIFT_VERSION = 5.0;
				TARGETED_DEVICE_FAMILY = "1,2";
				TEST_HOST = "$(BUILT_PRODUCTS_DIR)/ChatComponent.app/ChatComponent";
			};
			name = Debug;
		};
		F3C45D5A26D1358400BE8D67 /* Release */ = {
			isa = XCBuildConfiguration;
			buildSettings = {
				ALWAYS_EMBED_SWIFT_STANDARD_LIBRARIES = YES;
				BUNDLE_LOADER = "$(TEST_HOST)";
				CODE_SIGN_STYLE = Automatic;
				DEVELOPMENT_TEAM = WT55D455BY;
				INFOPLIST_FILE = ChatComponentTests/Info.plist;
				IPHONEOS_DEPLOYMENT_TARGET = 14.5;
				LD_RUNPATH_SEARCH_PATHS = (
					"$(inherited)",
					"@executable_path/Frameworks",
					"@loader_path/Frameworks",
				);
				PRODUCT_BUNDLE_IDENTIFIER = com.qq.ChatComponentTests;
				PRODUCT_NAME = "$(TARGET_NAME)";
				SWIFT_VERSION = 5.0;
				TARGETED_DEVICE_FAMILY = "1,2";
				TEST_HOST = "$(BUILT_PRODUCTS_DIR)/ChatComponent.app/ChatComponent";
			};
			name = Release;
		};
		F3C45D5C26D1358400BE8D67 /* Debug */ = {
			isa = XCBuildConfiguration;
			buildSettings = {
				ALWAYS_EMBED_SWIFT_STANDARD_LIBRARIES = YES;
				CODE_SIGN_STYLE = Automatic;
				DEVELOPMENT_TEAM = WT55D455BY;
				INFOPLIST_FILE = ChatComponentUITests/Info.plist;
				LD_RUNPATH_SEARCH_PATHS = (
					"$(inherited)",
					"@executable_path/Frameworks",
					"@loader_path/Frameworks",
				);
				PRODUCT_BUNDLE_IDENTIFIER = com.qq.ChatComponentUITests;
				PRODUCT_NAME = "$(TARGET_NAME)";
				SWIFT_VERSION = 5.0;
				TARGETED_DEVICE_FAMILY = "1,2";
				TEST_TARGET_NAME = ChatComponent;
			};
			name = Debug;
		};
		F3C45D5D26D1358400BE8D67 /* Release */ = {
			isa = XCBuildConfiguration;
			buildSettings = {
				ALWAYS_EMBED_SWIFT_STANDARD_LIBRARIES = YES;
				CODE_SIGN_STYLE = Automatic;
				DEVELOPMENT_TEAM = WT55D455BY;
				INFOPLIST_FILE = ChatComponentUITests/Info.plist;
				LD_RUNPATH_SEARCH_PATHS = (
					"$(inherited)",
					"@executable_path/Frameworks",
					"@loader_path/Frameworks",
				);
				PRODUCT_BUNDLE_IDENTIFIER = com.qq.ChatComponentUITests;
				PRODUCT_NAME = "$(TARGET_NAME)";
				SWIFT_VERSION = 5.0;
				TARGETED_DEVICE_FAMILY = "1,2";
				TEST_TARGET_NAME = ChatComponent;
			};
			name = Release;
		};
/* End XCBuildConfiguration section */

/* Begin XCConfigurationList section */
		F3C45D2626D1357E00BE8D67 /* Build configuration list for PBXProject "ChatComponent" */ = {
			isa = XCConfigurationList;
			buildConfigurations = (
				F3C45D5326D1358400BE8D67 /* Debug */,
				F3C45D5426D1358400BE8D67 /* Release */,
			);
			defaultConfigurationIsVisible = 0;
			defaultConfigurationName = Release;
		};
		F3C45D5526D1358400BE8D67 /* Build configuration list for PBXNativeTarget "ChatComponent" */ = {
			isa = XCConfigurationList;
			buildConfigurations = (
				F3C45D5626D1358400BE8D67 /* Debug */,
				F3C45D5726D1358400BE8D67 /* Release */,
			);
			defaultConfigurationIsVisible = 0;
			defaultConfigurationName = Release;
		};
		F3C45D5826D1358400BE8D67 /* Build configuration list for PBXNativeTarget "ChatComponentTests" */ = {
			isa = XCConfigurationList;
			buildConfigurations = (
				F3C45D5926D1358400BE8D67 /* Debug */,
				F3C45D5A26D1358400BE8D67 /* Release */,
			);
			defaultConfigurationIsVisible = 0;
			defaultConfigurationName = Release;
		};
		F3C45D5B26D1358400BE8D67 /* Build configuration list for PBXNativeTarget "ChatComponentUITests" */ = {
			isa = XCConfigurationList;
			buildConfigurations = (
				F3C45D5C26D1358400BE8D67 /* Debug */,
				F3C45D5D26D1358400BE8D67 /* Release */,
			);
			defaultConfigurationIsVisible = 0;
			defaultConfigurationName = Release;
		};
/* End XCConfigurationList section */

/* Begin XCRemoteSwiftPackageReference section */
		F3C45D6426D1383800BE8D67 /* XCRemoteSwiftPackageReference "RxSwift" */ = {
			isa = XCRemoteSwiftPackageReference;
			repositoryURL = "https://github.com/ReactiveX/RxSwift";
			requirement = {
				kind = upToNextMajorVersion;
				minimumVersion = 6.2.0;
			};
		};
		F3C45D7A26D13C1C00BE8D67 /* XCRemoteSwiftPackageReference "SnapKit" */ = {
			isa = XCRemoteSwiftPackageReference;
			repositoryURL = "https://github.com/SnapKit/SnapKit";
			requirement = {
				kind = upToNextMajorVersion;
				minimumVersion = 5.0.1;
			};
		};
/* End XCRemoteSwiftPackageReference section */

/* Begin XCSwiftPackageProductDependency section */
		F3C45D6526D1383800BE8D67 /* RxSwift */ = {
			isa = XCSwiftPackageProductDependency;
			package = F3C45D6426D1383800BE8D67 /* XCRemoteSwiftPackageReference "RxSwift" */;
			productName = RxSwift;
		};
		F3C45D6726D1383800BE8D67 /* RxTest */ = {
			isa = XCSwiftPackageProductDependency;
			package = F3C45D6426D1383800BE8D67 /* XCRemoteSwiftPackageReference "RxSwift" */;
			productName = RxTest;
		};
		F3C45D6926D1383800BE8D67 /* RxRelay */ = {
			isa = XCSwiftPackageProductDependency;
			package = F3C45D6426D1383800BE8D67 /* XCRemoteSwiftPackageReference "RxSwift" */;
			productName = RxRelay;
		};
		F3C45D6B26D1383800BE8D67 /* RxCocoa */ = {
			isa = XCSwiftPackageProductDependency;
			package = F3C45D6426D1383800BE8D67 /* XCRemoteSwiftPackageReference "RxSwift" */;
			productName = RxCocoa;
		};
		F3C45D6D26D1383800BE8D67 /* RxBlocking */ = {
			isa = XCSwiftPackageProductDependency;
			package = F3C45D6426D1383800BE8D67 /* XCRemoteSwiftPackageReference "RxSwift" */;
			productName = RxBlocking;
		};
		F3C45D7B26D13C1C00BE8D67 /* SnapKit */ = {
			isa = XCSwiftPackageProductDependency;
			package = F3C45D7A26D13C1C00BE8D67 /* XCRemoteSwiftPackageReference "SnapKit" */;
			productName = SnapKit;
		};
/* End XCSwiftPackageProductDependency section */
	};
	rootObject = F3C45D2326D1357E00BE8D67 /* Project object */;
}
